{
  "name": "interviewPro",
  "lockfileVersion": 3,
  "requires": true,
  "packages": {
    "": {
      "dependencies": {
        "grok-sdk": "^0.0.1-security",
        "groq-sdk": "^1.1.2"
      }
    },
    "node_modules/grok-sdk": {
      "version": "0.0.1-security",
      "resolved": "https://registry.npmjs.org/grok-sdk/-/grok-sdk-0.0.1-security.tgz",
      "integrity": "sha512-RCXCYNbs+ndTHGyd6kENFyyQh+Guo+u4CDYn32Tg0YRvJ4TnrjmeEOQJC9OnMAmS4y6TJJ/m+0kdZLE8F1zzig=="
    },
    "node_modules/groq-sdk": {
      "version": "1.1.2",
      "resolved": "https://registry.npmjs.org/groq-sdk/-/groq-sdk-1.1.2.tgz",
      "integrity": "sha512-CZO0XUQQDhn43ri1+lZHxZKpb+bGutgTvFmCJtooexiitGmPqhm1hntOT3nCoaq07e+OpeokVnfUs0i/oQuUaQ==",
      "license": "Apache-2.0",
      "bin": {
        "groq-sdk": "bin/cli"
      }
    }
  }
}
